
Microsoft Visual Studio Solution File, Format Version 12.00
# Visual Studio Version 17
VisualStudioVersion = 17.3.32819.101
MinimumVisualStudioVersion = 10.0.40219.1
Project("{FAE04EC0-301F-11D3-BF4B-00C04F79EFBC}") = "programering1.1", "programering1.1\programering1.1.csproj", "{860F463F-AA78-4A2A-B79C-FEBE3F2DDF54}"
EndProject
Global
	GlobalSection(SolutionConfigurationPlatforms) = preSolution
		Debug|Any CPU = Debug|Any CPU
		Release|Any CPU = Release|Any CPU
	EndGlobalSection
	GlobalSection(ProjectConfigurationPlatforms) = postSolution
		{860F463F-AA78-4A2A-B79C-FEBE3F2DDF54}.Debug|Any CPU.ActiveCfg = Debug|Any CPU
		{860F463F-AA78-4A2A-B79C-FEBE3F2DDF54}.Debug|Any CPU.Build.0 = Debug|Any CPU
		{860F463F-AA78-4A2A-B79C-FEBE3F2DDF54}.Release|Any CPU.ActiveCfg = Release|Any CPU
		{860F463F-AA78-4A2A-B79C-FEBE3F2DDF54}.Release|Any CPU.Build.0 = Release|Any CPU
	EndGlobalSection
	GlobalSection(SolutionProperties) = preSolution
		HideSolutionNode = FALSE
	EndGlobalSection
	GlobalSection(ExtensibilityGlobals) = postSolution
		SolutionGuid = {2E5541D2-85EB-408C-A359-91E7E970A9A2}
	EndGlobalSection
EndGlobal
